
Microsoft Visual Studio Solution File, Format Version 12.00
# Visual Studio 15
VisualStudioVersion = 15.0.26124.0
MinimumVisualStudioVersion = 15.0.26124.0
Project("{FAE04EC0-301F-11D3-BF4B-00C04F79EFBC}") = "HiitRandomizer.Web", "HiitRandomizer.Web\HiitRandomizer.Web.csproj", "{464375C1-87AF-4238-93B3-C648C74B994A}"
EndProject
Project("{FAE04EC0-301F-11D3-BF4B-00C04F79EFBC}") = "HiitRandomizer.Domain", "HiitRandomizer.Domain\HiitRandomizer.Domain.csproj", "{AE1AE7B1-95F3-46F0-A09A-981F4B4124DB}"
EndProject
Project("{FAE04EC0-301F-11D3-BF4B-00C04F79EFBC}") = "HiitRandomizer.Tests", "HiitRandomizer.Tests\HiitRandomizer.Tests.csproj", "{14E03864-B41A-4935-A080-03841708681C}"
EndProject
Project("{FAE04EC0-301F-11D3-BF4B-00C04F79EFBC}") = "HiitRandomizer.Data", "HiitRandomizer.Data\HiitRandomizer.Data.csproj", "{C5604D0E-8568-4CC4-A24A-5C0A8DD8CE05}"
EndProject
Global
	GlobalSection(SolutionConfigurationPlatforms) = preSolution
		Debug|Any CPU = Debug|Any CPU
		Debug|x64 = Debug|x64
		Debug|x86 = Debug|x86
		Release|Any CPU = Release|Any CPU
		Release|x64 = Release|x64
		Release|x86 = Release|x86
	EndGlobalSection
	GlobalSection(SolutionProperties) = preSolution
		HideSolutionNode = FALSE
	EndGlobalSection
	GlobalSection(ProjectConfigurationPlatforms) = postSolution
		{464375C1-87AF-4238-93B3-C648C74B994A}.Debug|Any CPU.ActiveCfg = Debug|Any CPU
		{464375C1-87AF-4238-93B3-C648C74B994A}.Debug|Any CPU.Build.0 = Debug|Any CPU
		{464375C1-87AF-4238-93B3-C648C74B994A}.Debug|x64.ActiveCfg = Debug|Any CPU
		{464375C1-87AF-4238-93B3-C648C74B994A}.Debug|x64.Build.0 = Debug|Any CPU
		{464375C1-87AF-4238-93B3-C648C74B994A}.Debug|x86.ActiveCfg = Debug|Any CPU
		{464375C1-87AF-4238-93B3-C648C74B994A}.Debug|x86.Build.0 = Debug|Any CPU
		{464375C1-87AF-4238-93B3-C648C74B994A}.Release|Any CPU.ActiveCfg = Release|Any CPU
		{464375C1-87AF-4238-93B3-C648C74B994A}.Release|Any CPU.Build.0 = Release|Any CPU
		{464375C1-87AF-4238-93B3-C648C74B994A}.Release|x64.ActiveCfg = Release|Any CPU
		{464375C1-87AF-4238-93B3-C648C74B994A}.Release|x64.Build.0 = Release|Any CPU
		{464375C1-87AF-4238-93B3-C648C74B994A}.Release|x86.ActiveCfg = Release|Any CPU
		{464375C1-87AF-4238-93B3-C648C74B994A}.Release|x86.Build.0 = Release|Any CPU
		{AE1AE7B1-95F3-46F0-A09A-981F4B4124DB}.Debug|Any CPU.ActiveCfg = Debug|Any CPU
		{AE1AE7B1-95F3-46F0-A09A-981F4B4124DB}.Debug|Any CPU.Build.0 = Debug|Any CPU
		{AE1AE7B1-95F3-46F0-A09A-981F4B4124DB}.Debug|x64.ActiveCfg = Debug|Any CPU
		{AE1AE7B1-95F3-46F0-A09A-981F4B4124DB}.Debug|x64.Build.0 = Debug|Any CPU
		{AE1AE7B1-95F3-46F0-A09A-981F4B4124DB}.Debug|x86.ActiveCfg = Debug|Any CPU
		{AE1AE7B1-95F3-46F0-A09A-981F4B4124DB}.Debug|x86.Build.0 = Debug|Any CPU
		{AE1AE7B1-95F3-46F0-A09A-981F4B4124DB}.Release|Any CPU.ActiveCfg = Release|Any CPU
		{AE1AE7B1-95F3-46F0-A09A-981F4B4124DB}.Release|Any CPU.Build.0 = Release|Any CPU
		{AE1AE7B1-95F3-46F0-A09A-981F4B4124DB}.Release|x64.ActiveCfg = Release|Any CPU
		{AE1AE7B1-95F3-46F0-A09A-981F4B4124DB}.Release|x64.Build.0 = Release|Any CPU
		{AE1AE7B1-95F3-46F0-A09A-981F4B4124DB}.Release|x86.ActiveCfg = Release|Any CPU
		{AE1AE7B1-95F3-46F0-A09A-981F4B4124DB}.Release|x86.Build.0 = Release|Any CPU
		{14E03864-B41A-4935-A080-03841708681C}.Debug|Any CPU.ActiveCfg = Debug|Any CPU
		{14E03864-B41A-4935-A080-03841708681C}.Debug|Any CPU.Build.0 = Debug|Any CPU
		{14E03864-B41A-4935-A080-03841708681C}.Debug|x64.ActiveCfg = Debug|Any CPU
		{14E03864-B41A-4935-A080-03841708681C}.Debug|x64.Build.0 = Debug|Any CPU
		{14E03864-B41A-4935-A080-03841708681C}.Debug|x86.ActiveCfg = Debug|Any CPU
		{14E03864-B41A-4935-A080-03841708681C}.Debug|x86.Build.0 = Debug|Any CPU
		{14E03864-B41A-4935-A080-03841708681C}.Release|Any CPU.ActiveCfg = Release|Any CPU
		{14E03864-B41A-4935-A080-03841708681C}.Release|Any CPU.Build.0 = Release|Any CPU
		{14E03864-B41A-4935-A080-03841708681C}.Release|x64.ActiveCfg = Release|Any CPU
		{14E03864-B41A-4935-A080-03841708681C}.Release|x64.Build.0 = Release|Any CPU
		{14E03864-B41A-4935-A080-03841708681C}.Release|x86.ActiveCfg = Release|Any CPU
		{14E03864-B41A-4935-A080-03841708681C}.Release|x86.Build.0 = Release|Any CPU
		{C5604D0E-8568-4CC4-A24A-5C0A8DD8CE05}.Debug|Any CPU.ActiveCfg = Debug|Any CPU
		{C5604D0E-8568-4CC4-A24A-5C0A8DD8CE05}.Debug|Any CPU.Build.0 = Debug|Any CPU
		{C5604D0E-8568-4CC4-A24A-5C0A8DD8CE05}.Debug|x64.ActiveCfg = Debug|Any CPU
		{C5604D0E-8568-4CC4-A24A-5C0A8DD8CE05}.Debug|x64.Build.0 = Debug|Any CPU
		{C5604D0E-8568-4CC4-A24A-5C0A8DD8CE05}.Debug|x86.ActiveCfg = Debug|Any CPU
		{C5604D0E-8568-4CC4-A24A-5C0A8DD8CE05}.Debug|x86.Build.0 = Debug|Any CPU
		{C5604D0E-8568-4CC4-A24A-5C0A8DD8CE05}.Release|Any CPU.ActiveCfg = Release|Any CPU
		{C5604D0E-8568-4CC4-A24A-5C0A8DD8CE05}.Release|Any CPU.Build.0 = Release|Any CPU
		{C5604D0E-8568-4CC4-A24A-5C0A8DD8CE05}.Release|x64.ActiveCfg = Release|Any CPU
		{C5604D0E-8568-4CC4-A24A-5C0A8DD8CE05}.Release|x64.Build.0 = Release|Any CPU
		{C5604D0E-8568-4CC4-A24A-5C0A8DD8CE05}.Release|x86.ActiveCfg = Release|Any CPU
		{C5604D0E-8568-4CC4-A24A-5C0A8DD8CE05}.Release|x86.Build.0 = Release|Any CPU
	EndGlobalSection
EndGlobal
